
Microsoft Visual Studio Solution File, Format Version 12.00
# Visual Studio 15
Project("{FAE04EC0-301F-11D3-BF4B-00C04F79EFBC}") = "tareaCap9-12", "tareaCap9-12\tareaCap9-12.csproj", "{EE8033BA-8CA4-471F-AB77-0855687EAF0B}"
EndProject
Global
	GlobalSection(SolutionConfigurationPlatforms) = preSolution
		Debug|Any CPU = Debug|Any CPU
		Release|Any CPU = Release|Any CPU
	EndGlobalSection
	GlobalSection(ProjectConfigurationPlatforms) = postSolution
		{EE8033BA-8CA4-471F-AB77-0855687EAF0B}.Debug|Any CPU.ActiveCfg = Debug|Any CPU
		{EE8033BA-8CA4-471F-AB77-0855687EAF0B}.Debug|Any CPU.Build.0 = Debug|Any CPU
		{EE8033BA-8CA4-471F-AB77-0855687EAF0B}.Release|Any CPU.ActiveCfg = Release|Any CPU
		{EE8033BA-8CA4-471F-AB77-0855687EAF0B}.Release|Any CPU.Build.0 = Release|Any CPU
	EndGlobalSection
EndGlobal
